
Microsoft Visual Studio Solution File, Format Version 12.00
# Visual Studio Version 17
VisualStudioVersion = 17.11.35222.181
MinimumVisualStudioVersion = 10.0.40219.1
Project("{8BC9CEB8-8B4A-11D0-8D11-00A0C91BC942}") = "cpp_webserver", "cpp_webserver\cpp_webserver.vcxproj", "{BDA74845-FB90-4F6D-946E-821A39B063C0}"
EndProject
Project("{8BC9CEB8-8B4A-11D0-8D11-00A0C91BC942}") = "NetCommon", "NetCommon\NetCommon.vcxproj", "{BA562291-D6C3-428A-9AAA-D10D722EF344}"
EndProject
Project("{8BC9CEB8-8B4A-11D0-8D11-00A0C91BC942}") = "NetClient", "NetClient\NetClient.vcxproj", "{CEEA9C38-BD02-461A-A02C-91BA59E881F8}"
	ProjectSection(ProjectDependencies) = postProject
		{BA562291-D6C3-428A-9AAA-D10D722EF344} = {BA562291-D6C3-428A-9AAA-D10D722EF344}
	EndProjectSection
EndProject
Project("{8BC9CEB8-8B4A-11D0-8D11-00A0C91BC942}") = "NetServer", "NetServer\NetServer.vcxproj", "{29E9E2A5-AB11-4FD3-B982-7B8728CD755B}"
	ProjectSection(ProjectDependencies) = postProject
		{BA562291-D6C3-428A-9AAA-D10D722EF344} = {BA562291-D6C3-428A-9AAA-D10D722EF344}
	EndProjectSection
EndProject
Global
	GlobalSection(SolutionConfigurationPlatforms) = preSolution
		Debug|x64 = Debug|x64
		Debug|x86 = Debug|x86
		Release|x64 = Release|x64
		Release|x86 = Release|x86
	EndGlobalSection
	GlobalSection(ProjectConfigurationPlatforms) = postSolution
		{BDA74845-FB90-4F6D-946E-821A39B063C0}.Debug|x64.ActiveCfg = Debug|x64
		{BDA74845-FB90-4F6D-946E-821A39B063C0}.Debug|x64.Build.0 = Debug|x64
		{BDA74845-FB90-4F6D-946E-821A39B063C0}.Debug|x86.ActiveCfg = Debug|Win32
		{BDA74845-FB90-4F6D-946E-821A39B063C0}.Debug|x86.Build.0 = Debug|Win32
		{BDA74845-FB90-4F6D-946E-821A39B063C0}.Release|x64.ActiveCfg = Release|x64
		{BDA74845-FB90-4F6D-946E-821A39B063C0}.Release|x64.Build.0 = Release|x64
		{BDA74845-FB90-4F6D-946E-821A39B063C0}.Release|x86.ActiveCfg = Release|Win32
		{BDA74845-FB90-4F6D-946E-821A39B063C0}.Release|x86.Build.0 = Release|Win32
		{BA562291-D6C3-428A-9AAA-D10D722EF344}.Debug|x64.ActiveCfg = Debug|x64
		{BA562291-D6C3-428A-9AAA-D10D722EF344}.Debug|x64.Build.0 = Debug|x64
		{BA562291-D6C3-428A-9AAA-D10D722EF344}.Debug|x86.ActiveCfg = Debug|Win32
		{BA562291-D6C3-428A-9AAA-D10D722EF344}.Debug|x86.Build.0 = Debug|Win32
		{BA562291-D6C3-428A-9AAA-D10D722EF344}.Release|x64.ActiveCfg = Release|x64
		{BA562291-D6C3-428A-9AAA-D10D722EF344}.Release|x64.Build.0 = Release|x64
		{BA562291-D6C3-428A-9AAA-D10D722EF344}.Release|x86.ActiveCfg = Release|Win32
		{BA562291-D6C3-428A-9AAA-D10D722EF344}.Release|x86.Build.0 = Release|Win32
		{CEEA9C38-BD02-461A-A02C-91BA59E881F8}.Debug|x64.ActiveCfg = Debug|x64
		{CEEA9C38-BD02-461A-A02C-91BA59E881F8}.Debug|x64.Build.0 = Debug|x64
		{CEEA9C38-BD02-461A-A02C-91BA59E881F8}.Debug|x86.ActiveCfg = Debug|Win32
		{CEEA9C38-BD02-461A-A02C-91BA59E881F8}.Debug|x86.Build.0 = Debug|Win32
		{CEEA9C38-BD02-461A-A02C-91BA59E881F8}.Release|x64.ActiveCfg = Release|x64
		{CEEA9C38-BD02-461A-A02C-91BA59E881F8}.Release|x64.Build.0 = Release|x64
		{CEEA9C38-BD02-461A-A02C-91BA59E881F8}.Release|x86.ActiveCfg = Release|Win32
		{CEEA9C38-BD02-461A-A02C-91BA59E881F8}.Release|x86.Build.0 = Release|Win32
		{29E9E2A5-AB11-4FD3-B982-7B8728CD755B}.Debug|x64.ActiveCfg = Debug|x64
		{29E9E2A5-AB11-4FD3-B982-7B8728CD755B}.Debug|x64.Build.0 = Debug|x64
		{29E9E2A5-AB11-4FD3-B982-7B8728CD755B}.Debug|x86.ActiveCfg = Debug|Win32
		{29E9E2A5-AB11-4FD3-B982-7B8728CD755B}.Debug|x86.Build.0 = Debug|Win32
		{29E9E2A5-AB11-4FD3-B982-7B8728CD755B}.Release|x64.ActiveCfg = Release|x64
		{29E9E2A5-AB11-4FD3-B982-7B8728CD755B}.Release|x64.Build.0 = Release|x64
		{29E9E2A5-AB11-4FD3-B982-7B8728CD755B}.Release|x86.ActiveCfg = Release|Win32
		{29E9E2A5-AB11-4FD3-B982-7B8728CD755B}.Release|x86.Build.0 = Release|Win32
	EndGlobalSection
	GlobalSection(SolutionProperties) = preSolution
		HideSolutionNode = FALSE
	EndGlobalSection
	GlobalSection(ExtensibilityGlobals) = postSolution
		SolutionGuid = {EF544917-471D-435C-AF35-0137BEC2A626}
	EndGlobalSection
EndGlobal
